# This file was autogenerated by uv via the following command:
#    uv pip compile pyproject.toml
accelerate==1.10.0
    # via
    #   optimas (pyproject.toml)
    #   peft
    #   trl
aiohappyeyeballs==2.6.1
    # via aiohttp
aiohttp==3.12.15
    # via
    #   fsspec
    #   litellm
aiosignal==1.4.0
    # via aiohttp
alembic==1.16.4
    # via optuna
annotated-types==0.7.0
    # via pydantic
antlr4-python3-runtime==4.9.3
    # via omegaconf
anyio==4.10.0
    # via
    #   asyncer
    #   dspy
    #   httpx
    #   openai
asyncer==0.0.8
    # via dspy
attrs==25.3.0
    # via
    #   aiohttp
    #   jsonschema
    #   referencing
backoff==2.2.1
    # via dspy
cachetools==6.1.0
    # via dspy
certifi==2025.8.3
    # via
    #   httpcore
    #   httpx
    #   requests
    #   sentry-sdk
charset-normalizer==3.4.3
    # via requests
click==8.2.1
    # via
    #   litellm
    #   wandb
cloudpickle==3.1.1
    # via dspy
colorlog==6.9.0
    # via optuna
contourpy==1.3.3
    # via matplotlib
cycler==0.12.1
    # via matplotlib
datasets==4.0.0
    # via
    #   optimas (pyproject.toml)
    #   gepa
    #   trl
dill==0.3.8
    # via
    #   datasets
    #   multiprocess
diskcache==5.6.3
    # via dspy
distro==1.9.0
    # via openai
dspy==3.0.1
    # via optimas (pyproject.toml)
filelock==3.19.1
    # via
    #   datasets
    #   huggingface-hub
    #   torch
    #   transformers
fonttools==4.59.1
    # via matplotlib
frozenlist==1.7.0
    # via
    #   aiohttp
    #   aiosignal
fsspec==2025.3.0
    # via
    #   datasets
    #   huggingface-hub
    #   torch
gepa==0.0.4
    # via dspy
gitdb==4.0.12
    # via gitpython
gitpython==3.1.45
    # via wandb
h11==0.16.0
    # via httpcore
hf-xet==1.1.7
    # via huggingface-hub
httpcore==1.0.9
    # via httpx
httpx==0.28.1
    # via
    #   litellm
    #   openai
huggingface-hub==0.34.4
    # via
    #   optimas (pyproject.toml)
    #   accelerate
    #   datasets
    #   peft
    #   tokenizers
    #   transformers
idna==3.10
    # via
    #   anyio
    #   httpx
    #   requests
    #   yarl
importlib-metadata==8.7.0
    # via litellm
jinja2==3.1.6
    # via
    #   litellm
    #   torch
jiter==0.10.0
    # via openai
joblib==1.5.1
    # via dspy
json-repair==0.49.0
    # via dspy
jsonschema==4.25.0
    # via litellm
jsonschema-specifications==2025.4.1
    # via jsonschema
kiwisolver==1.4.9
    # via matplotlib
litellm==1.75.7
    # via
    #   optimas (pyproject.toml)
    #   dspy
    #   gepa
magicattr==0.1.6
    # via dspy
mako==1.3.10
    # via alembic
markdown-it-py==4.0.0
    # via rich
markupsafe==3.0.2
    # via
    #   jinja2
    #   mako
matplotlib==3.10.5
    # via optimas (pyproject.toml)
mdurl==0.1.2
    # via markdown-it-py
mpmath==1.3.0
    # via sympy
multidict==6.6.4
    # via
    #   aiohttp
    #   yarl
multiprocess==0.70.16
    # via datasets
networkx==3.5
    # via
    #   optimas (pyproject.toml)
    #   torch
numpy==2.3.2
    # via
    #   optimas (pyproject.toml)
    #   accelerate
    #   contourpy
    #   datasets
    #   dspy
    #   matplotlib
    #   optuna
    #   pandas
    #   peft
    #   transformers
omegaconf==2.3.0
    # via optimas (pyproject.toml)
openai==1.99.9
    # via
    #   dspy
    #   litellm
optuna==4.4.0
    # via dspy
packaging==25.0
    # via
    #   accelerate
    #   datasets
    #   huggingface-hub
    #   matplotlib
    #   optuna
    #   peft
    #   transformers
    #   wandb
pandas==2.3.1
    # via
    #   optimas (pyproject.toml)
    #   datasets
peft==0.17.0
    # via optimas (pyproject.toml)
pillow==11.3.0
    # via matplotlib
platformdirs==4.3.8
    # via wandb
propcache==0.3.2
    # via
    #   aiohttp
    #   yarl
protobuf==6.32.0
    # via wandb
psutil==7.0.0
    # via
    #   accelerate
    #   peft
pyarrow==21.0.0
    # via datasets
pydantic==2.11.7
    # via
    #   dspy
    #   litellm
    #   openai
    #   wandb
pydantic-core==2.33.2
    # via pydantic
pygments==2.19.2
    # via rich
pyparsing==3.2.3
    # via matplotlib
python-dateutil==2.9.0.post0
    # via
    #   matplotlib
    #   pandas
python-dotenv==1.1.1
    # via
    #   optimas (pyproject.toml)
    #   litellm
pytz==2025.2
    # via pandas
pyyaml==6.0.2
    # via
    #   accelerate
    #   datasets
    #   huggingface-hub
    #   omegaconf
    #   optuna
    #   peft
    #   transformers
    #   wandb
referencing==0.36.2
    # via
    #   jsonschema
    #   jsonschema-specifications
regex==2025.7.34
    # via
    #   dspy
    #   tiktoken
    #   transformers
requests==2.32.4
    # via
    #   optimas (pyproject.toml)
    #   datasets
    #   dspy
    #   huggingface-hub
    #   tiktoken
    #   transformers
    #   wandb
rich==14.1.0
    # via
    #   optimas (pyproject.toml)
    #   dspy
rpds-py==0.27.0
    # via
    #   jsonschema
    #   referencing
safetensors==0.6.2
    # via
    #   accelerate
    #   peft
    #   transformers
sentry-sdk==2.35.0
    # via wandb
setuptools==80.9.0
    # via torch
six==1.17.0
    # via python-dateutil
smmap==5.0.2
    # via gitdb
sniffio==1.3.1
    # via
    #   anyio
    #   openai
sqlalchemy==2.0.43
    # via
    #   alembic
    #   optuna
sympy==1.14.0
    # via torch
tenacity==9.1.2
    # via dspy
tiktoken==0.11.0
    # via litellm
tokenizers==0.21.4
    # via
    #   litellm
    #   transformers
torch==2.8.0
    # via
    #   optimas (pyproject.toml)
    #   accelerate
    #   peft
tqdm==4.67.1
    # via
    #   optimas (pyproject.toml)
    #   datasets
    #   dspy
    #   huggingface-hub
    #   openai
    #   optuna
    #   peft
    #   transformers
transformers==4.55.2
    # via
    #   optimas (pyproject.toml)
    #   peft
    #   trl
trl==0.21.0
    # via optimas (pyproject.toml)
typing-extensions==4.14.1
    # via
    #   aiosignal
    #   alembic
    #   anyio
    #   huggingface-hub
    #   openai
    #   pydantic
    #   pydantic-core
    #   referencing
    #   sqlalchemy
    #   torch
    #   typing-inspection
    #   wandb
typing-inspection==0.4.1
    # via pydantic
tzdata==2025.2
    # via pandas
ujson==5.10.0
    # via dspy
urllib3==2.5.0
    # via
    #   requests
    #   sentry-sdk
wandb==0.21.1
    # via optimas (pyproject.toml)
xxhash==3.5.0
    # via
    #   datasets
    #   dspy
yarl==1.20.1
    # via aiohttp
zipp==3.23.0
    # via importlib-metadata
